
Microsoft Visual Studio Solution File, Format Version 12.00
# Visual Studio 15
VisualStudioVersion = 15.0.28307.902
MinimumVisualStudioVersion = 10.0.40219.1
Project("{8BC9CEB8-8B4A-11D0-8D11-00A0C91BC942}") = "AlgorytmyLokalnegoPrzeszukiwania", "AlgorytmyLokalnegoPrzeszukiwania\AlgorytmyLokalnegoPrzeszukiwania.vcxproj", "{86372691-A04A-4B3E-8847-C271845B87FA}"
EndProject
Global
	GlobalSection(SolutionConfigurationPlatforms) = preSolution
		Debug|x64 = Debug|x64
		Debug|x86 = Debug|x86
		Release|x64 = Release|x64
		Release|x86 = Release|x86
	EndGlobalSection
	GlobalSection(ProjectConfigurationPlatforms) = postSolution
		{86372691-A04A-4B3E-8847-C271845B87FA}.Debug|x64.ActiveCfg = Debug|x64
		{86372691-A04A-4B3E-8847-C271845B87FA}.Debug|x64.Build.0 = Debug|x64
		{86372691-A04A-4B3E-8847-C271845B87FA}.Debug|x86.ActiveCfg = Debug|Win32
		{86372691-A04A-4B3E-8847-C271845B87FA}.Debug|x86.Build.0 = Debug|Win32
		{86372691-A04A-4B3E-8847-C271845B87FA}.Release|x64.ActiveCfg = Release|x64
		{86372691-A04A-4B3E-8847-C271845B87FA}.Release|x64.Build.0 = Release|x64
		{86372691-A04A-4B3E-8847-C271845B87FA}.Release|x86.ActiveCfg = Release|Win32
		{86372691-A04A-4B3E-8847-C271845B87FA}.Release|x86.Build.0 = Release|Win32
	EndGlobalSection
	GlobalSection(SolutionProperties) = preSolution
		HideSolutionNode = FALSE
	EndGlobalSection
	GlobalSection(ExtensibilityGlobals) = postSolution
		SolutionGuid = {8BD7F66F-E606-4AF1-B719-800D885C8560}
	EndGlobalSection
EndGlobal
